
Microsoft Visual Studio Solution File, Format Version 12.00
# Visual Studio Version 16
VisualStudioVersion = 16.0.29521.150
MinimumVisualStudioVersion = 10.0.40219.1
Project("{9A19103F-16F7-4668-BE54-9A1E7A4F7556}") = "GrpcService", "GrpcService\GrpcService.csproj", "{3276F19F-86BE-4DAE-9AA4-7E2F42AC1B83}"
EndProject
Project("{9A19103F-16F7-4668-BE54-9A1E7A4F7556}") = "ShopClient", "ShopClient\ShopClient.csproj", "{21A25E11-A818-4253-90B1-79F4077E2835}"
EndProject
Project("{FAE04EC0-301F-11D3-BF4B-00C04F79EFBC}") = "FinancialService", "FinancialService\FinancialService.csproj", "{7B65DF19-CECF-493B-B405-E8F7FFE37700}"
EndProject
Global
	GlobalSection(SolutionConfigurationPlatforms) = preSolution
		Debug|Any CPU = Debug|Any CPU
		Release|Any CPU = Release|Any CPU
	EndGlobalSection
	GlobalSection(ProjectConfigurationPlatforms) = postSolution
		{3276F19F-86BE-4DAE-9AA4-7E2F42AC1B83}.Debug|Any CPU.ActiveCfg = Debug|Any CPU
		{3276F19F-86BE-4DAE-9AA4-7E2F42AC1B83}.Debug|Any CPU.Build.0 = Debug|Any CPU
		{3276F19F-86BE-4DAE-9AA4-7E2F42AC1B83}.Release|Any CPU.ActiveCfg = Release|Any CPU
		{3276F19F-86BE-4DAE-9AA4-7E2F42AC1B83}.Release|Any CPU.Build.0 = Release|Any CPU
		{21A25E11-A818-4253-90B1-79F4077E2835}.Debug|Any CPU.ActiveCfg = Debug|Any CPU
		{21A25E11-A818-4253-90B1-79F4077E2835}.Debug|Any CPU.Build.0 = Debug|Any CPU
		{21A25E11-A818-4253-90B1-79F4077E2835}.Release|Any CPU.ActiveCfg = Release|Any CPU
		{21A25E11-A818-4253-90B1-79F4077E2835}.Release|Any CPU.Build.0 = Release|Any CPU
		{7B65DF19-CECF-493B-B405-E8F7FFE37700}.Debug|Any CPU.ActiveCfg = Debug|Any CPU
		{7B65DF19-CECF-493B-B405-E8F7FFE37700}.Debug|Any CPU.Build.0 = Debug|Any CPU
		{7B65DF19-CECF-493B-B405-E8F7FFE37700}.Release|Any CPU.ActiveCfg = Release|Any CPU
		{7B65DF19-CECF-493B-B405-E8F7FFE37700}.Release|Any CPU.Build.0 = Release|Any CPU
	EndGlobalSection
	GlobalSection(SolutionProperties) = preSolution
		HideSolutionNode = FALSE
	EndGlobalSection
	GlobalSection(ExtensibilityGlobals) = postSolution
		SolutionGuid = {4DCAB3A3-6778-4705-B83F-AAD3A0D797BC}
	EndGlobalSection
EndGlobal
